
Microsoft Visual Studio Solution File, Format Version 12.00
# Visual Studio Version 17
VisualStudioVersion = 17.14.37628.2
MinimumVisualStudioVersion = 10.0.40219.1
Project("{FAE04EC0-301F-11D3-BF4B-00C04F79EFBC}") = "test_market", "test_market.csproj", "{17C154D8-196C-4F84-910C-C0BB493673FA}"
EndProject
Project("{2150E333-8FDC-42A3-9474-1A3956D46DE8}") = "tests", "tests", "{0AB3BF05-4346-4AA6-1389-037BE0695223}"
EndProject
Project("{FAE04EC0-301F-11D3-BF4B-00C04F79EFBC}") = "test_market.Tests", "tests\test_market.Tests\test_market.Tests.csproj", "{ACAC0A73-9F16-436F-92CE-D1AD47E007CF}"
EndProject
Global
	GlobalSection(SolutionConfigurationPlatforms) = preSolution
		Debug|Any CPU = Debug|Any CPU
		Debug|x64 = Debug|x64
		Debug|x86 = Debug|x86
		Release|Any CPU = Release|Any CPU
		Release|x64 = Release|x64
		Release|x86 = Release|x86
	EndGlobalSection
	GlobalSection(ProjectConfigurationPlatforms) = postSolution
		{17C154D8-196C-4F84-910C-C0BB493673FA}.Debug|Any CPU.ActiveCfg = Debug|Any CPU
		{17C154D8-196C-4F84-910C-C0BB493673FA}.Debug|Any CPU.Build.0 = Debug|Any CPU
		{17C154D8-196C-4F84-910C-C0BB493673FA}.Debug|x64.ActiveCfg = Debug|Any CPU
		{17C154D8-196C-4F84-910C-C0BB493673FA}.Debug|x64.Build.0 = Debug|Any CPU
		{17C154D8-196C-4F84-910C-C0BB493673FA}.Debug|x86.ActiveCfg = Debug|Any CPU
		{17C154D8-196C-4F84-910C-C0BB493673FA}.Debug|x86.Build.0 = Debug|Any CPU
		{17C154D8-196C-4F84-910C-C0BB493673FA}.Release|Any CPU.ActiveCfg = Release|Any CPU
		{17C154D8-196C-4F84-910C-C0BB493673FA}.Release|Any CPU.Build.0 = Release|Any CPU
		{17C154D8-196C-4F84-910C-C0BB493673FA}.Release|x64.ActiveCfg = Release|Any CPU
		{17C154D8-196C-4F84-910C-C0BB493673FA}.Release|x64.Build.0 = Release|Any CPU
		{17C154D8-196C-4F84-910C-C0BB493673FA}.Release|x86.ActiveCfg = Release|Any CPU
		{17C154D8-196C-4F84-910C-C0BB493673FA}.Release|x86.Build.0 = Release|Any CPU
		{ACAC0A73-9F16-436F-92CE-D1AD47E007CF}.Debug|Any CPU.ActiveCfg = Debug|Any CPU
		{ACAC0A73-9F16-436F-92CE-D1AD47E007CF}.Debug|Any CPU.Build.0 = Debug|Any CPU
		{ACAC0A73-9F16-436F-92CE-D1AD47E007CF}.Debug|x64.ActiveCfg = Debug|Any CPU
		{ACAC0A73-9F16-436F-92CE-D1AD47E007CF}.Debug|x64.Build.0 = Debug|Any CPU
		{ACAC0A73-9F16-436F-92CE-D1AD47E007CF}.Debug|x86.ActiveCfg = Debug|Any CPU
		{ACAC0A73-9F16-436F-92CE-D1AD47E007CF}.Debug|x86.Build.0 = Debug|Any CPU
		{ACAC0A73-9F16-436F-92CE-D1AD47E007CF}.Release|Any CPU.ActiveCfg = Release|Any CPU
		{ACAC0A73-9F16-436F-92CE-D1AD47E007CF}.Release|Any CPU.Build.0 = Release|Any CPU
		{ACAC0A73-9F16-436F-92CE-D1AD47E007CF}.Release|x64.ActiveCfg = Release|Any CPU
		{ACAC0A73-9F16-436F-92CE-D1AD47E007CF}.Release|x64.Build.0 = Release|Any CPU
		{ACAC0A73-9F16-436F-92CE-D1AD47E007CF}.Release|x86.ActiveCfg = Release|Any CPU
		{ACAC0A73-9F16-436F-92CE-D1AD47E007CF}.Release|x86.Build.0 = Release|Any CPU
	EndGlobalSection
	GlobalSection(SolutionProperties) = preSolution
		HideSolutionNode = FALSE
	EndGlobalSection
	GlobalSection(NestedProjects) = preSolution
		{ACAC0A73-9F16-436F-92CE-D1AD47E007CF} = {0AB3BF05-4346-4AA6-1389-037BE0695223}
	EndGlobalSection
	GlobalSection(ExtensibilityGlobals) = postSolution
		SolutionGuid = {6D9ADB92-9A07-4CB6-B71B-8A6D8A97A2A6}
	EndGlobalSection
EndGlobal
